
Microsoft Visual Studio Solution File, Format Version 12.00
# Visual Studio Version 17
VisualStudioVersion = 17.10.34707.107
MinimumVisualStudioVersion = 10.0.40219.1
Project("{FAE04EC0-301F-11D3-BF4B-00C04F79EFBC}") = "ConsoleApp6", "ConsoleApp6.csproj", "{2F6CB824-282A-47DE-843C-2784B5A39AEE}"
EndProject
Global
	GlobalSection(SolutionConfigurationPlatforms) = preSolution
		Debug|Any CPU = Debug|Any CPU
		Release|Any CPU = Release|Any CPU
	EndGlobalSection
	GlobalSection(ProjectConfigurationPlatforms) = postSolution
		{2F6CB824-282A-47DE-843C-2784B5A39AEE}.Debug|Any CPU.ActiveCfg = Debug|Any CPU
		{2F6CB824-282A-47DE-843C-2784B5A39AEE}.Debug|Any CPU.Build.0 = Debug|Any CPU
		{2F6CB824-282A-47DE-843C-2784B5A39AEE}.Release|Any CPU.ActiveCfg = Release|Any CPU
		{2F6CB824-282A-47DE-843C-2784B5A39AEE}.Release|Any CPU.Build.0 = Release|Any CPU
	EndGlobalSection
	GlobalSection(SolutionProperties) = preSolution
		HideSolutionNode = FALSE
	EndGlobalSection
	GlobalSection(ExtensibilityGlobals) = postSolution
		SolutionGuid = {7CB53BA2-6140-4805-A869-522BF58752E5}
	EndGlobalSection
EndGlobal
